
Microsoft Visual Studio Solution File, Format Version 12.00
# Visual Studio Version 16
VisualStudioVersion = 16.0.30320.27
MinimumVisualStudioVersion = 10.0.40219.1
Project("{9A19103F-16F7-4668-BE54-9A1E7A4F7556}") = "TestGeneratorDll", "TestGeneratorDll\TestGeneratorDll.csproj", "{8C90E187-C35C-4A21-848B-53E1DC1A1FE8}"
EndProject
Project("{9A19103F-16F7-4668-BE54-9A1E7A4F7556}") = "TestGeneratorConsole", "TestGeneratorConsole\TestGeneratorConsole.csproj", "{772D1650-F124-43BC-A887-289CAB5A47C5}"
EndProject
Project("{FAE04EC0-301F-11D3-BF4B-00C04F79EFBC}") = "TestGeneratorUnitTests", "TestGeneratorUnitTests\TestGeneratorUnitTests.csproj", "{79F47DC7-0ED7-4341-8E92-63803FBE34BE}"
	ProjectSection(ProjectDependencies) = postProject
		{8C90E187-C35C-4A21-848B-53E1DC1A1FE8} = {8C90E187-C35C-4A21-848B-53E1DC1A1FE8}
	EndProjectSection
EndProject
Global
	GlobalSection(SolutionConfigurationPlatforms) = preSolution
		Debug|Any CPU = Debug|Any CPU
		Release|Any CPU = Release|Any CPU
	EndGlobalSection
	GlobalSection(ProjectConfigurationPlatforms) = postSolution
		{8C90E187-C35C-4A21-848B-53E1DC1A1FE8}.Debug|Any CPU.ActiveCfg = Debug|Any CPU
		{8C90E187-C35C-4A21-848B-53E1DC1A1FE8}.Debug|Any CPU.Build.0 = Debug|Any CPU
		{8C90E187-C35C-4A21-848B-53E1DC1A1FE8}.Release|Any CPU.ActiveCfg = Release|Any CPU
		{8C90E187-C35C-4A21-848B-53E1DC1A1FE8}.Release|Any CPU.Build.0 = Release|Any CPU
		{772D1650-F124-43BC-A887-289CAB5A47C5}.Debug|Any CPU.ActiveCfg = Debug|Any CPU
		{772D1650-F124-43BC-A887-289CAB5A47C5}.Debug|Any CPU.Build.0 = Debug|Any CPU
		{772D1650-F124-43BC-A887-289CAB5A47C5}.Release|Any CPU.ActiveCfg = Release|Any CPU
		{772D1650-F124-43BC-A887-289CAB5A47C5}.Release|Any CPU.Build.0 = Release|Any CPU
		{79F47DC7-0ED7-4341-8E92-63803FBE34BE}.Debug|Any CPU.ActiveCfg = Debug|Any CPU
		{79F47DC7-0ED7-4341-8E92-63803FBE34BE}.Debug|Any CPU.Build.0 = Debug|Any CPU
		{79F47DC7-0ED7-4341-8E92-63803FBE34BE}.Release|Any CPU.ActiveCfg = Release|Any CPU
		{79F47DC7-0ED7-4341-8E92-63803FBE34BE}.Release|Any CPU.Build.0 = Release|Any CPU
	EndGlobalSection
	GlobalSection(SolutionProperties) = preSolution
		HideSolutionNode = FALSE
	EndGlobalSection
	GlobalSection(ExtensibilityGlobals) = postSolution
		SolutionGuid = {BD46A2C0-D160-48DD-B8E7-FA15CE1AFF83}
	EndGlobalSection
EndGlobal
